<?xml version="1.0" encoding="utf-8"?>
<Project ToolsVersion="4.0" xmlns="http://schemas.microsoft.com/developer/msbuild/2003">
  <ItemGroup>
    <Filter Include="소스 파일">
      <UniqueIdentifier>{4FC737F1-C7A5-4376-A066-2A32D752A2FF}</UniqueIdentifier>
      <Extensions>cpp;c;cc;cxx;c++;cppm;ixx;def;odl;idl;hpj;bat;asm;asmx</Extensions>
    </Filter>
    <Filter Include="헤더 파일">
      <UniqueIdentifier>{93995380-89BD-4b04-88EB-625FBE52EBFB}</UniqueIdentifier>
      <Extensions>h;hh;hpp;hxx;h++;hm;inl;inc;ipp;xsd</Extensions>
    </Filter>
    <Filter Include="리소스 파일">
      <UniqueIdentifier>{67DA6AB6-F800-4c08-8B7A-83BB121AAD01}</UniqueIdentifier>
      <Extensions>rc;ico;cur;bmp;dlg;rc2;rct;bin;rgs;gif;jpg;jpeg;jpe;resx;tiff;tif;png;wav;mfcribbon-ms</Extensions>
    </Filter>
    <Filter Include="헤더 파일\Include">
      <UniqueIdentifier>{9564eb69-9a0f-4d73-8390-6b60b46bfbf2}</UniqueIdentifier>
    </Filter>
    <Filter Include="소스 파일\0.MainUpdate">
      <UniqueIdentifier>{a5b46e6f-e708-4fb7-a5f5-6d9887e19cc2}</UniqueIdentifier>
    </Filter>
    <Filter Include="소스 파일\1.Object">
      <UniqueIdentifier>{4089f00b-fc0e-42fb-8272-cb6067fb6379}</UniqueIdentifier>
    </Filter>
    <Filter Include="소스 파일\2.Scene">
      <UniqueIdentifier>{a79c84cf-367d-47b3-9308-f6592fcd0bd4}</UniqueIdentifier>
    </Filter>
    <Filter Include="소스 파일\9.Manager">
      <UniqueIdentifier>{064dd19a-4dac-4a34-b661-8f36ccbb34d6}</UniqueIdentifier>
    </Filter>
    <Filter Include="소스 파일\1.Object\Player">
      <UniqueIdentifier>{5227e46a-d044-471f-bf2d-1bd5b3a5bcef}</UniqueIdentifier>
    </Filter>
    <Filter Include="소스 파일\9.Manager\InputManager">
      <UniqueIdentifier>{ad34819e-8dd3-4913-9ae1-e06c2fe5d3c3}</UniqueIdentifier>
    </Filter>
    <Filter Include="소스 파일\9.Manager\SceneManager">
      <UniqueIdentifier>{6216936d-c29c-41fd-9114-3f5a6c69635d}</UniqueIdentifier>
    </Filter>
    <Filter Include="소스 파일\9.Manager\ObjectManager">
      <UniqueIdentifier>{03fc0834-be0d-4bb4-bec3-4e7fd0241cac}</UniqueIdentifier>
    </Filter>
    <Filter Include="소스 파일\9.Manager\CursorManager">
      <UniqueIdentifier>{f077f7ff-f197-4f43-8069-9c6780d3bbd0}</UniqueIdentifier>
    </Filter>
    <Filter Include="소스 파일\9.Manager\CollisionManager">
      <UniqueIdentifier>{b4fa4a30-fec6-43f9-a945-c1737c2294f5}</UniqueIdentifier>
    </Filter>
    <Filter Include="소스 파일\9.Manager\ObjectFactory">
      <UniqueIdentifier>{fee9cad9-f0ae-402e-ae87-c484589b3c0f}</UniqueIdentifier>
    </Filter>
    <Filter Include="소스 파일\9.Manager\MathManager">
      <UniqueIdentifier>{556c4a8f-aef0-4dbf-b847-a73953cd6324}</UniqueIdentifier>
    </Filter>
    <Filter Include="소스 파일\1.Object\Bullet">
      <UniqueIdentifier>{b587c5a3-52a6-43ca-9ee8-7568f4374d3d}</UniqueIdentifier>
    </Filter>
    <Filter Include="소스 파일\1.Object\Enemy">
      <UniqueIdentifier>{70089e62-277e-46a4-a4d7-b96a2f3552ff}</UniqueIdentifier>
    </Filter>
    <Filter Include="소스 파일\2.Scene\1.Logo">
      <UniqueIdentifier>{aa2bf027-b6c0-4f17-8627-10b9fa44234e}</UniqueIdentifier>
    </Filter>
    <Filter Include="소스 파일\2.Scene\2.Menu">
      <UniqueIdentifier>{72b28938-1249-43b0-a0db-c732ce13badd}</UniqueIdentifier>
    </Filter>
    <Filter Include="소스 파일\9.Manager\UIManager">
      <UniqueIdentifier>{8055dd69-a682-413c-8bc8-6321585c9cdc}</UniqueIdentifier>
    </Filter>
    <Filter Include="소스 파일\9.Manager\Guide">
      <UniqueIdentifier>{0804da77-5258-437d-baa4-c13571a7f88f}</UniqueIdentifier>
    </Filter>
    <Filter Include="소스 파일\2.Scene\BossStage">
      <UniqueIdentifier>{724576a6-950e-4e6d-ad83-b5d4aaab8a06}</UniqueIdentifier>
    </Filter>
    <Filter Include="소스 파일\2.Scene\Ending">
      <UniqueIdentifier>{39dd015f-6275-4716-b58f-2af3a9c4a94b}</UniqueIdentifier>
    </Filter>
    <Filter Include="소스 파일\2.Scene\3.Story">
      <UniqueIdentifier>{c33a33ad-fafb-4a64-a959-5f01013bc150}</UniqueIdentifier>
    </Filter>
    <Filter Include="소스 파일\1.Object\Item">
      <UniqueIdentifier>{d41c9e49-9c89-483e-8f71-07572e57ee5e}</UniqueIdentifier>
    </Filter>
    <Filter Include="소스 파일\2.Scene\4.Stage">
      <UniqueIdentifier>{573410ba-7c5d-4c0c-8b92-1531c579f0be}</UniqueIdentifier>
    </Filter>
    <Filter Include="소스 파일\2.Scene\5.BossScene">
      <UniqueIdentifier>{5d1ea267-182e-4463-b53e-468f5e523721}</UniqueIdentifier>
    </Filter>
    <Filter Include="소스 파일\1.Object\Kirby">
      <UniqueIdentifier>{eea1cfba-9791-43f0-8fdc-f3d1f8697eb3}</UniqueIdentifier>
    </Filter>
  </ItemGroup>
  <ItemGroup>
    <ClCompile Include="Main.cpp">
      <Filter>소스 파일</Filter>
    </ClCompile>
    <ClCompile Include="MainUpdate.cpp">
      <Filter>소스 파일\0.MainUpdate</Filter>
    </ClCompile>
    <ClCompile Include="Object.cpp">
      <Filter>소스 파일\1.Object</Filter>
    </ClCompile>
    <ClCompile Include="Scene.cpp">
      <Filter>소스 파일\2.Scene</Filter>
    </ClCompile>
    <ClCompile Include="InputManager.cpp">
      <Filter>소스 파일\9.Manager\InputManager</Filter>
    </ClCompile>
    <ClCompile Include="CursorManager.cpp">
      <Filter>소스 파일\9.Manager\CursorManager</Filter>
    </ClCompile>
    <ClCompile Include="ObjectManager.cpp">
      <Filter>소스 파일\9.Manager\ObjectManager</Filter>
    </ClCompile>
    <ClCompile Include="SceneManager.cpp">
      <Filter>소스 파일\9.Manager\SceneManager</Filter>
    </ClCompile>
    <ClCompile Include="Bullet.cpp">
      <Filter>소스 파일\1.Object\Bullet</Filter>
    </ClCompile>
    <ClCompile Include="Enemy.cpp">
      <Filter>소스 파일\1.Object\Enemy</Filter>
    </ClCompile>
    <ClCompile Include="Player.cpp">
      <Filter>소스 파일\1.Object\Player</Filter>
    </ClCompile>
    <ClCompile Include="Logo.cpp">
      <Filter>소스 파일\2.Scene\1.Logo</Filter>
    </ClCompile>
    <ClCompile Include="Stage.cpp">
      <Filter>소스 파일\2.Scene\4.Stage</Filter>
    </ClCompile>
    <ClCompile Include="Ending.cpp">
      <Filter>소스 파일\2.Scene\Ending</Filter>
    </ClCompile>
    <ClCompile Include="BossStage.cpp">
      <Filter>소스 파일\2.Scene\BossStage</Filter>
    </ClCompile>
    <ClCompile Include="Menu.cpp">
      <Filter>소스 파일\2.Scene\2.Menu</Filter>
    </ClCompile>
    <ClCompile Include="UIManager.cpp">
      <Filter>소스 파일\9.Manager\UIManager</Filter>
    </ClCompile>
    <ClCompile Include="GuideManager.cpp">
      <Filter>소스 파일\9.Manager\Guide</Filter>
    </ClCompile>
    <ClCompile Include="Story.cpp">
      <Filter>소스 파일\2.Scene\3.Story</Filter>
    </ClCompile>
    <ClCompile Include="Item.cpp">
      <Filter>소스 파일\1.Object\Item</Filter>
    </ClCompile>
    <ClCompile Include="BossScene.cpp">
      <Filter>소스 파일\2.Scene\5.BossScene</Filter>
    </ClCompile>
    <ClCompile Include="Kirby.cpp">
      <Filter>소스 파일\1.Object\Kirby</Filter>
    </ClCompile>
  </ItemGroup>
  <ItemGroup>
    <ClInclude Include="Struct.h">
      <Filter>헤더 파일\Include</Filter>
    </ClInclude>
    <ClInclude Include="Enum.h">
      <Filter>헤더 파일\Include</Filter>
    </ClInclude>
    <ClInclude Include="Constant.h">
      <Filter>헤더 파일\Include</Filter>
    </ClInclude>
    <ClInclude Include="Headers.h">
      <Filter>헤더 파일</Filter>
    </ClInclude>
    <ClInclude Include="MainUpdate.h">
      <Filter>소스 파일\0.MainUpdate</Filter>
    </ClInclude>
    <ClInclude Include="Object.h">
      <Filter>소스 파일\1.Object</Filter>
    </ClInclude>
    <ClInclude Include="Scene.h">
      <Filter>소스 파일\2.Scene</Filter>
    </ClInclude>
    <ClInclude Include="InputManager.h">
      <Filter>소스 파일\9.Manager\InputManager</Filter>
    </ClInclude>
    <ClInclude Include="CursorManager.h">
      <Filter>소스 파일\9.Manager\CursorManager</Filter>
    </ClInclude>
    <ClInclude Include="ObjectManager.h">
      <Filter>소스 파일\9.Manager\ObjectManager</Filter>
    </ClInclude>
    <ClInclude Include="SceneManager.h">
      <Filter>소스 파일\9.Manager\SceneManager</Filter>
    </ClInclude>
    <ClInclude Include="MathManager.h">
      <Filter>소스 파일\9.Manager\MathManager</Filter>
    </ClInclude>
    <ClInclude Include="ObjectFactory.h">
      <Filter>소스 파일\9.Manager\ObjectFactory</Filter>
    </ClInclude>
    <ClInclude Include="CollisionManager.h">
      <Filter>소스 파일\9.Manager\CollisionManager</Filter>
    </ClInclude>
    <ClInclude Include="Bullet.h">
      <Filter>소스 파일\1.Object\Bullet</Filter>
    </ClInclude>
    <ClInclude Include="Enemy.h">
      <Filter>소스 파일\1.Object\Enemy</Filter>
    </ClInclude>
    <ClInclude Include="Player.h">
      <Filter>소스 파일\1.Object\Player</Filter>
    </ClInclude>
    <ClInclude Include="Logo.h">
      <Filter>소스 파일\2.Scene\1.Logo</Filter>
    </ClInclude>
    <ClInclude Include="Stage.h">
      <Filter>소스 파일\2.Scene\4.Stage</Filter>
    </ClInclude>
    <ClInclude Include="Ending.h">
      <Filter>소스 파일\2.Scene\Ending</Filter>
    </ClInclude>
    <ClInclude Include="BossStage.h">
      <Filter>소스 파일\2.Scene\BossStage</Filter>
    </ClInclude>
    <ClInclude Include="Menu.h">
      <Filter>소스 파일\2.Scene\2.Menu</Filter>
    </ClInclude>
    <ClInclude Include="UIManager.h">
      <Filter>소스 파일\9.Manager\UIManager</Filter>
    </ClInclude>
    <ClInclude Include="GuideManager.h">
      <Filter>소스 파일\9.Manager\Guide</Filter>
    </ClInclude>
    <ClInclude Include="Story.h">
      <Filter>소스 파일\2.Scene\3.Story</Filter>
    </ClInclude>
    <ClInclude Include="Item.h">
      <Filter>소스 파일\1.Object\Item</Filter>
    </ClInclude>
    <ClInclude Include="BossScene.h">
      <Filter>소스 파일\2.Scene\5.BossScene</Filter>
    </ClInclude>
    <ClInclude Include="Kirby.h">
      <Filter>소스 파일\1.Object\Kirby</Filter>
    </ClInclude>
  </ItemGroup>
</Project>